
Microsoft Visual Studio Solution File, Format Version 12.00
# Visual Studio Version 17
VisualStudioVersion = 17.1.32210.238
MinimumVisualStudioVersion = 10.0.40219.1
Project("{FAE04EC0-301F-11D3-BF4B-00C04F79EFBC}") = "WindowsFormsLogIn", "WindowsFormsLogIn\WindowsFormsLogIn.csproj", "{0FE647B4-4E56-42DE-BB77-2E9FF593E558}"
EndProject
Global
	GlobalSection(SolutionConfigurationPlatforms) = preSolution
		Debug|Any CPU = Debug|Any CPU
		Release|Any CPU = Release|Any CPU
	EndGlobalSection
	GlobalSection(ProjectConfigurationPlatforms) = postSolution
		{0FE647B4-4E56-42DE-BB77-2E9FF593E558}.Debug|Any CPU.ActiveCfg = Debug|Any CPU
		{0FE647B4-4E56-42DE-BB77-2E9FF593E558}.Debug|Any CPU.Build.0 = Debug|Any CPU
		{0FE647B4-4E56-42DE-BB77-2E9FF593E558}.Release|Any CPU.ActiveCfg = Release|Any CPU
		{0FE647B4-4E56-42DE-BB77-2E9FF593E558}.Release|Any CPU.Build.0 = Release|Any CPU
	EndGlobalSection
	GlobalSection(SolutionProperties) = preSolution
		HideSolutionNode = FALSE
	EndGlobalSection
	GlobalSection(ExtensibilityGlobals) = postSolution
		SolutionGuid = {FB5B4482-E43D-4AA9-B154-A073FE78D883}
	EndGlobalSection
EndGlobal
